
Microsoft Visual Studio Solution File, Format Version 12.00
# Visual Studio Version 17
VisualStudioVersion = 17.0.31903.59
MinimumVisualStudioVersion = 10.0.40219.1
Project("{2150E333-8FDC-42A3-9474-1A3956D46DE8}") = "src", "src", "{B671CF9B-4C34-45C5-A212-CD07BA87528F}"
EndProject
Project("{FAE04EC0-301F-11D3-BF4B-00C04F79EFBC}") = "MyApp", "src\MyApp\MyApp.csproj", "{CF8A6E41-5886-42A9-AFAE-1E7CFC2F4285}"
EndProject
Project("{2150E333-8FDC-42A3-9474-1A3956D46DE8}") = "tests", "tests", "{FBB5ADA4-91FD-49C3-AB2C-BE1DEB2CC8BB}"
EndProject
Project("{FAE04EC0-301F-11D3-BF4B-00C04F79EFBC}") = "MyApp.Tests", "tests\MyApp.Tests\MyApp.Tests.csproj", "{D9E847BC-708F-4CB0-AB47-2D33E090318D}"
EndProject
Global
	GlobalSection(SolutionConfigurationPlatforms) = preSolution
		Debug|Any CPU = Debug|Any CPU
		Release|Any CPU = Release|Any CPU
	EndGlobalSection
	GlobalSection(SolutionProperties) = preSolution
		HideSolutionNode = FALSE
	EndGlobalSection
	GlobalSection(ProjectConfigurationPlatforms) = postSolution
		{CF8A6E41-5886-42A9-AFAE-1E7CFC2F4285}.Debug|Any CPU.ActiveCfg = Debug|Any CPU
		{CF8A6E41-5886-42A9-AFAE-1E7CFC2F4285}.Debug|Any CPU.Build.0 = Debug|Any CPU
		{CF8A6E41-5886-42A9-AFAE-1E7CFC2F4285}.Release|Any CPU.ActiveCfg = Release|Any CPU
		{CF8A6E41-5886-42A9-AFAE-1E7CFC2F4285}.Release|Any CPU.Build.0 = Release|Any CPU
		{D9E847BC-708F-4CB0-AB47-2D33E090318D}.Debug|Any CPU.ActiveCfg = Debug|Any CPU
		{D9E847BC-708F-4CB0-AB47-2D33E090318D}.Debug|Any CPU.Build.0 = Debug|Any CPU
		{D9E847BC-708F-4CB0-AB47-2D33E090318D}.Release|Any CPU.ActiveCfg = Release|Any CPU
		{D9E847BC-708F-4CB0-AB47-2D33E090318D}.Release|Any CPU.Build.0 = Release|Any CPU
	EndGlobalSection
	GlobalSection(NestedProjects) = preSolution
		{CF8A6E41-5886-42A9-AFAE-1E7CFC2F4285} = {B671CF9B-4C34-45C5-A212-CD07BA87528F}
		{D9E847BC-708F-4CB0-AB47-2D33E090318D} = {FBB5ADA4-91FD-49C3-AB2C-BE1DEB2CC8BB}
	EndGlobalSection
EndGlobal
